<?xml version="1.0" encoding="utf-8"?>
<Project ToolsVersion="4.0" xmlns="http://schemas.microsoft.com/developer/msbuild/2003">
  <ItemGroup>
    <Filter Include="ソース ファイル">
      <UniqueIdentifier>{4FC737F1-C7A5-4376-A066-2A32D752A2FF}</UniqueIdentifier>
      <Extensions>cpp;c;cc;cxx;def;odl;idl;hpj;bat;asm;asmx</Extensions>
    </Filter>
    <Filter Include="ヘッダー ファイル">
      <UniqueIdentifier>{93995380-89BD-4b04-88EB-625FBE52EBFB}</UniqueIdentifier>
      <Extensions>h;hh;hpp;hxx;hm;inl;inc;xsd</Extensions>
    </Filter>
    <Filter Include="リソース ファイル">
      <UniqueIdentifier>{67DA6AB6-F800-4c08-8B7A-83BB121AAD01}</UniqueIdentifier>
      <Extensions>rc;ico;cur;bmp;dlg;rc2;rct;bin;rgs;gif;jpg;jpeg;jpe;resx;tiff;tif;png;wav;mfcribbon-ms</Extensions>
    </Filter>
    <Filter Include="ヘッダー ファイル\App">
      <UniqueIdentifier>{88a7da6d-850b-4719-9c5b-44bb863b7f4f}</UniqueIdentifier>
    </Filter>
    <Filter Include="ソース ファイル\App">
      <UniqueIdentifier>{913ee940-9d80-418c-808a-517f1bd8f037}</UniqueIdentifier>
    </Filter>
    <Filter Include="ソース ファイル\Common">
      <UniqueIdentifier>{0fde6722-40f4-4079-9bb2-f43d8d0f57a4}</UniqueIdentifier>
    </Filter>
    <Filter Include="ヘッダー ファイル\Common">
      <UniqueIdentifier>{2cd5e29f-1547-41e4-93c2-0489ba711d97}</UniqueIdentifier>
    </Filter>
    <Filter Include="ヘッダー ファイル\View">
      <UniqueIdentifier>{2a0806f4-8303-493f-ab13-8e7be0bc9c01}</UniqueIdentifier>
    </Filter>
    <Filter Include="ソース ファイル\View">
      <UniqueIdentifier>{b038c6a6-08a4-4b33-9ed5-f750dc38b09e}</UniqueIdentifier>
    </Filter>
  </ItemGroup>
  <ItemGroup>
    <Text Include="ReadMe.txt" />
  </ItemGroup>
  <ItemGroup>
    <ClInclude Include="stdafx.h">
      <Filter>ヘッダー ファイル</Filter>
    </ClInclude>
    <ClInclude Include="targetver.h">
      <Filter>ヘッダー ファイル</Filter>
    </ClInclude>
    <ClInclude Include="Resource.h">
      <Filter>ヘッダー ファイル</Filter>
    </ClInclude>
    <ClInclude Include="ShootingGame.h">
      <Filter>ヘッダー ファイル\App</Filter>
    </ClInclude>
    <ClInclude Include="CEnemy.h">
      <Filter>ヘッダー ファイル\View</Filter>
    </ClInclude>
    <ClInclude Include="CExplosion.h">
      <Filter>ヘッダー ファイル\View</Filter>
    </ClInclude>
    <ClInclude Include="CPlayer.h">
      <Filter>ヘッダー ファイル\View</Filter>
    </ClInclude>
    <ClInclude Include="CScroll.h">
      <Filter>ヘッダー ファイル\View</Filter>
    </ClInclude>
    <ClInclude Include="CSpaceship.h">
      <Filter>ヘッダー ファイル\View</Filter>
    </ClInclude>
    <ClInclude Include="CShootingGameApp.h">
      <Filter>ヘッダー ファイル\App</Filter>
    </ClInclude>
    <ClInclude Include="..\Common\CDirectInput.h">
      <Filter>ヘッダー ファイル\Common</Filter>
    </ClInclude>
    <ClInclude Include="..\Common\D3DEnv.h">
      <Filter>ヘッダー ファイル\Common</Filter>
    </ClInclude>
    <ClInclude Include="..\Common\DirectXTex-master\WICTextureLoader\WICTextureLoader.h">
      <Filter>ヘッダー ファイル</Filter>
    </ClInclude>
    <ClInclude Include="..\Common\CCamera.h">
      <Filter>ヘッダー ファイル\Common</Filter>
    </ClInclude>
    <ClInclude Include="UVAnimation.h">
      <Filter>ヘッダー ファイル\Common</Filter>
    </ClInclude>
    <ClInclude Include="..\Common\MediaResource.h">
      <Filter>ヘッダー ファイル\Common</Filter>
    </ClInclude>
    <ClInclude Include="..\Common\CApplication.h">
      <Filter>ヘッダー ファイル\App</Filter>
    </ClInclude>
    <ClInclude Include="..\Common\CPicture.h">
      <Filter>ヘッダー ファイル\View</Filter>
    </ClInclude>
    <ClInclude Include="..\Common\CQuadPolygon.h">
      <Filter>ヘッダー ファイル\View</Filter>
    </ClInclude>
    <ClInclude Include="..\Common\CTexture.h">
      <Filter>ヘッダー ファイル\View</Filter>
    </ClInclude>
    <ClInclude Include="..\Common\GamePGUtil.h">
      <Filter>ヘッダー ファイル\Common</Filter>
    </ClInclude>
    <ClInclude Include="..\Common\Common3DType.h">
      <Filter>ヘッダー ファイル\Common</Filter>
    </ClInclude>
    <ClInclude Include="..\Common\GameConst.h">
      <Filter>ヘッダー ファイル\Common</Filter>
    </ClInclude>
  </ItemGroup>
  <ItemGroup>
    <ClCompile Include="stdafx.cpp">
      <Filter>ソース ファイル</Filter>
    </ClCompile>
    <ClCompile Include="ShootingGame.cpp">
      <Filter>ソース ファイル\App</Filter>
    </ClCompile>
    <ClCompile Include="CExplosion.cpp">
      <Filter>ソース ファイル\View</Filter>
    </ClCompile>
    <ClCompile Include="CPlayer.cpp">
      <Filter>ソース ファイル\View</Filter>
    </ClCompile>
    <ClCompile Include="CScroll.cpp">
      <Filter>ソース ファイル\View</Filter>
    </ClCompile>
    <ClCompile Include="CSpaceship.cpp">
      <Filter>ソース ファイル\View</Filter>
    </ClCompile>
    <ClCompile Include="CEnemy.cpp">
      <Filter>ソース ファイル\View</Filter>
    </ClCompile>
    <ClCompile Include="CShootingGameApp.cpp">
      <Filter>ソース ファイル\App</Filter>
    </ClCompile>
    <ClCompile Include="..\Common\CApplication.cpp">
      <Filter>ソース ファイル\App</Filter>
    </ClCompile>
    <ClCompile Include="..\Common\DirectXTex-master\WICTextureLoader\WICTextureLoader.cpp">
      <Filter>ソース ファイル</Filter>
    </ClCompile>
    <ClCompile Include="..\Common\CCamera.cpp">
      <Filter>ソース ファイル\Common</Filter>
    </ClCompile>
    <ClCompile Include="..\Common\CDirectInput.cpp">
      <Filter>ソース ファイル\Common</Filter>
    </ClCompile>
    <ClCompile Include="..\Common\CPicture.cpp">
      <Filter>ソース ファイル\View</Filter>
    </ClCompile>
    <ClCompile Include="..\Common\CQuadPolygon.cpp">
      <Filter>ソース ファイル\View</Filter>
    </ClCompile>
    <ClCompile Include="..\Common\CTexture.cpp">
      <Filter>ソース ファイル\View</Filter>
    </ClCompile>
    <ClCompile Include="..\Common\GamePGUtil.cpp">
      <Filter>ソース ファイル\Common</Filter>
    </ClCompile>
  </ItemGroup>
  <ItemGroup>
    <ResourceCompile Include="ShootingGame.rc">
      <Filter>リソース ファイル</Filter>
    </ResourceCompile>
  </ItemGroup>
  <ItemGroup>
    <Image Include="small.ico">
      <Filter>リソース ファイル</Filter>
    </Image>
    <Image Include="ShootingGame.ico">
      <Filter>リソース ファイル</Filter>
    </Image>
  </ItemGroup>
</Project>